
Microsoft Visual Studio Solution File, Format Version 12.00
# Visual Studio Version 16
VisualStudioVersion = 16.0.31321.278
MinimumVisualStudioVersion = 10.0.40219.1
Project("{FAE04EC0-301F-11D3-BF4B-00C04F79EFBC}") = "WebAPI", "WebAPI\WebAPI.csproj", "{7D145EF7-F998-4C73-BA1A-4A1C8C8C44EE}"
EndProject
Global
	GlobalSection(SolutionConfigurationPlatforms) = preSolution
		Debug|Any CPU = Debug|Any CPU
		Release|Any CPU = Release|Any CPU
	EndGlobalSection
	GlobalSection(ProjectConfigurationPlatforms) = postSolution
		{7D145EF7-F998-4C73-BA1A-4A1C8C8C44EE}.Debug|Any CPU.ActiveCfg = Debug|Any CPU
		{7D145EF7-F998-4C73-BA1A-4A1C8C8C44EE}.Debug|Any CPU.Build.0 = Debug|Any CPU
		{7D145EF7-F998-4C73-BA1A-4A1C8C8C44EE}.Release|Any CPU.ActiveCfg = Release|Any CPU
		{7D145EF7-F998-4C73-BA1A-4A1C8C8C44EE}.Release|Any CPU.Build.0 = Release|Any CPU
	EndGlobalSection
	GlobalSection(SolutionProperties) = preSolution
		HideSolutionNode = FALSE
	EndGlobalSection
	GlobalSection(ExtensibilityGlobals) = postSolution
		SolutionGuid = {2765CF9C-6A59-4609-8670-3AE477643BB5}
	EndGlobalSection
EndGlobal
